# This file is automatically @generated by Cargo.
# It is not intended for manual editing.
version = 4

[[package]]
name = "qalc"
version = "0.1.0"
dependencies = [
 "qalc-core",
 "qalc-num",
]

[[package]]
name = "qalc-core"
version = "0.1.0"
dependencies = [
 "qalc-num",
]

[[package]]
name = "qalc-num"
version = "0.1.0"
